
Microsoft Visual Studio Solution File, Format Version 12.00
# Visual Studio Version 17
VisualStudioVersion = 17.9.34902.65
MinimumVisualStudioVersion = 10.0.40219.1
Project("{9A19103F-16F7-4668-BE54-9A1E7A4F7556}") = "ShearwellExercise", "ShearwellExercise.csproj", "{070A9C21-1071-422B-AC2A-E9E669443B25}"
EndProject
Global
	GlobalSection(SolutionConfigurationPlatforms) = preSolution
		Debug|Any CPU = Debug|Any CPU
		Release|Any CPU = Release|Any CPU
	EndGlobalSection
	GlobalSection(ProjectConfigurationPlatforms) = postSolution
		{070A9C21-1071-422B-AC2A-E9E669443B25}.Debug|Any CPU.ActiveCfg = Debug|Any CPU
		{070A9C21-1071-422B-AC2A-E9E669443B25}.Debug|Any CPU.Build.0 = Debug|Any CPU
		{070A9C21-1071-422B-AC2A-E9E669443B25}.Release|Any CPU.ActiveCfg = Release|Any CPU
		{070A9C21-1071-422B-AC2A-E9E669443B25}.Release|Any CPU.Build.0 = Release|Any CPU
	EndGlobalSection
	GlobalSection(SolutionProperties) = preSolution
		HideSolutionNode = FALSE
	EndGlobalSection
	GlobalSection(ExtensibilityGlobals) = postSolution
		SolutionGuid = {4D7DC1A1-2C32-4035-A9DE-9A079C39FC9B}
	EndGlobalSection
EndGlobal
